
Microsoft Visual Studio Solution File, Format Version 12.00
# Visual Studio Version 16
VisualStudioVersion = 16.0.29123.88
MinimumVisualStudioVersion = 10.0.40219.1
Project("{9A19103F-16F7-4668-BE54-9A1E7A4F7556}") = "Cw1", "Cw1\Cw1.csproj", "{372C35F5-B35D-4B60-B07C-41BB1D004954}"
EndProject
Project("{9A19103F-16F7-4668-BE54-9A1E7A4F7556}") = "Cw2", "Cw2\Cw2.csproj", "{F7A890A3-CF17-4B07-AE71-B988F47ED586}"
EndProject
Project("{9A19103F-16F7-4668-BE54-9A1E7A4F7556}") = "Cw3", "Cw3\Cw3.csproj", "{3574069A-06E9-46C4-89FE-E6CC109D3BF7}"
EndProject
Project("{9A19103F-16F7-4668-BE54-9A1E7A4F7556}") = "Cw9", "LinqConsoleApp\LinqConsoleApp\Cw9.csproj", "{DFDDE6A4-5C6A-4E69-AD1B-BE9A52F509DC}"
EndProject
Global
	GlobalSection(SolutionConfigurationPlatforms) = preSolution
		Debug|Any CPU = Debug|Any CPU
		Release|Any CPU = Release|Any CPU
	EndGlobalSection
	GlobalSection(ProjectConfigurationPlatforms) = postSolution
		{372C35F5-B35D-4B60-B07C-41BB1D004954}.Debug|Any CPU.ActiveCfg = Debug|Any CPU
		{372C35F5-B35D-4B60-B07C-41BB1D004954}.Debug|Any CPU.Build.0 = Debug|Any CPU
		{372C35F5-B35D-4B60-B07C-41BB1D004954}.Release|Any CPU.ActiveCfg = Release|Any CPU
		{372C35F5-B35D-4B60-B07C-41BB1D004954}.Release|Any CPU.Build.0 = Release|Any CPU
		{F7A890A3-CF17-4B07-AE71-B988F47ED586}.Debug|Any CPU.ActiveCfg = Debug|Any CPU
		{F7A890A3-CF17-4B07-AE71-B988F47ED586}.Debug|Any CPU.Build.0 = Debug|Any CPU
		{F7A890A3-CF17-4B07-AE71-B988F47ED586}.Release|Any CPU.ActiveCfg = Release|Any CPU
		{F7A890A3-CF17-4B07-AE71-B988F47ED586}.Release|Any CPU.Build.0 = Release|Any CPU
		{3574069A-06E9-46C4-89FE-E6CC109D3BF7}.Debug|Any CPU.ActiveCfg = Debug|Any CPU
		{3574069A-06E9-46C4-89FE-E6CC109D3BF7}.Debug|Any CPU.Build.0 = Debug|Any CPU
		{3574069A-06E9-46C4-89FE-E6CC109D3BF7}.Release|Any CPU.ActiveCfg = Release|Any CPU
		{3574069A-06E9-46C4-89FE-E6CC109D3BF7}.Release|Any CPU.Build.0 = Release|Any CPU
		{DFDDE6A4-5C6A-4E69-AD1B-BE9A52F509DC}.Debug|Any CPU.ActiveCfg = Debug|Any CPU
		{DFDDE6A4-5C6A-4E69-AD1B-BE9A52F509DC}.Debug|Any CPU.Build.0 = Debug|Any CPU
		{DFDDE6A4-5C6A-4E69-AD1B-BE9A52F509DC}.Release|Any CPU.ActiveCfg = Release|Any CPU
		{DFDDE6A4-5C6A-4E69-AD1B-BE9A52F509DC}.Release|Any CPU.Build.0 = Release|Any CPU
	EndGlobalSection
	GlobalSection(SolutionProperties) = preSolution
		HideSolutionNode = FALSE
	EndGlobalSection
	GlobalSection(ExtensibilityGlobals) = postSolution
		SolutionGuid = {4C0CB781-27D9-4EC8-85F7-7AE4F7E6A7F8}
	EndGlobalSection
EndGlobal
